
Microsoft Visual Studio Solution File, Format Version 12.00
# Visual Studio Version 16
VisualStudioVersion = 16.0.30804.86
MinimumVisualStudioVersion = 10.0.40219.1
Project("{FAE04EC0-301F-11D3-BF4B-00C04F79EFBC}") = "KampDictionary", "KampDictionary\KampDictionary.csproj", "{002EE6A7-E305-4DE5-AE40-F080AB8F8F15}"
EndProject
Global
	GlobalSection(SolutionConfigurationPlatforms) = preSolution
		Debug|Any CPU = Debug|Any CPU
		Release|Any CPU = Release|Any CPU
	EndGlobalSection
	GlobalSection(ProjectConfigurationPlatforms) = postSolution
		{002EE6A7-E305-4DE5-AE40-F080AB8F8F15}.Debug|Any CPU.ActiveCfg = Debug|Any CPU
		{002EE6A7-E305-4DE5-AE40-F080AB8F8F15}.Debug|Any CPU.Build.0 = Debug|Any CPU
		{002EE6A7-E305-4DE5-AE40-F080AB8F8F15}.Release|Any CPU.ActiveCfg = Release|Any CPU
		{002EE6A7-E305-4DE5-AE40-F080AB8F8F15}.Release|Any CPU.Build.0 = Release|Any CPU
	EndGlobalSection
	GlobalSection(SolutionProperties) = preSolution
		HideSolutionNode = FALSE
	EndGlobalSection
	GlobalSection(ExtensibilityGlobals) = postSolution
		SolutionGuid = {DB11A674-8F31-4AE6-9381-6F184A2DB8CA}
	EndGlobalSection
EndGlobal
